
Microsoft Visual Studio Solution File, Format Version 12.00
# Visual Studio 15
VisualStudioVersion = 15.0.27004.2005
MinimumVisualStudioVersion = 10.0.40219.1
Project("{FAE04EC0-301F-11D3-BF4B-00C04F79EFBC}") = "Follow", "Follow\Follow.csproj", "{86D2E285-B3AC-4C21-B7E2-C49A1AB27DC3}"
EndProject
Global
	GlobalSection(SolutionConfigurationPlatforms) = preSolution
		Debug|Any CPU = Debug|Any CPU
		Release|Any CPU = Release|Any CPU
	EndGlobalSection
	GlobalSection(ProjectConfigurationPlatforms) = postSolution
		{86D2E285-B3AC-4C21-B7E2-C49A1AB27DC3}.Debug|Any CPU.ActiveCfg = Debug|Any CPU
		{86D2E285-B3AC-4C21-B7E2-C49A1AB27DC3}.Debug|Any CPU.Build.0 = Debug|Any CPU
		{86D2E285-B3AC-4C21-B7E2-C49A1AB27DC3}.Release|Any CPU.ActiveCfg = Release|Any CPU
		{86D2E285-B3AC-4C21-B7E2-C49A1AB27DC3}.Release|Any CPU.Build.0 = Release|Any CPU
	EndGlobalSection
	GlobalSection(SolutionProperties) = preSolution
		HideSolutionNode = FALSE
	EndGlobalSection
	GlobalSection(ExtensibilityGlobals) = postSolution
		SolutionGuid = {86BD7D1F-EC72-4E47-9796-02A01B995F9F}
	EndGlobalSection
EndGlobal
